
Microsoft Visual Studio Solution File, Format Version 12.00
# Visual Studio Version 17
VisualStudioVersion = 17.8.34330.188
MinimumVisualStudioVersion = 10.0.40219.1
Project("{8BC9CEB8-8B4A-11D0-8D11-00A0C91BC942}") = "20250903 HxTChessEngine", "20250903 HxTChessEngine.vcxproj", "{80F4E33A-EAB6-43A2-AC47-67C451C43A55}"
EndProject
Project("{888888A0-9F3D-457C-B088-3A5042F75D52}") = "OpeningsScraper", "OpeningsScraper\OpeningsScraper.pyproj", "{679C110B-257C-4056-AA5F-5B1764DC8A56}"
EndProject
Global
	GlobalSection(SolutionConfigurationPlatforms) = preSolution
		Debug|Any CPU = Debug|Any CPU
		Debug|x64 = Debug|x64
		Debug|x86 = Debug|x86
		Release|Any CPU = Release|Any CPU
		Release|x64 = Release|x64
		Release|x86 = Release|x86
	EndGlobalSection
	GlobalSection(ProjectConfigurationPlatforms) = postSolution
		{80F4E33A-EAB6-43A2-AC47-67C451C43A55}.Debug|Any CPU.ActiveCfg = Debug|x64
		{80F4E33A-EAB6-43A2-AC47-67C451C43A55}.Debug|Any CPU.Build.0 = Debug|x64
		{80F4E33A-EAB6-43A2-AC47-67C451C43A55}.Debug|x64.ActiveCfg = Debug|x64
		{80F4E33A-EAB6-43A2-AC47-67C451C43A55}.Debug|x64.Build.0 = Debug|x64
		{80F4E33A-EAB6-43A2-AC47-67C451C43A55}.Debug|x86.ActiveCfg = Debug|Win32
		{80F4E33A-EAB6-43A2-AC47-67C451C43A55}.Debug|x86.Build.0 = Debug|Win32
		{80F4E33A-EAB6-43A2-AC47-67C451C43A55}.Release|Any CPU.ActiveCfg = Release|x64
		{80F4E33A-EAB6-43A2-AC47-67C451C43A55}.Release|Any CPU.Build.0 = Release|x64
		{80F4E33A-EAB6-43A2-AC47-67C451C43A55}.Release|x64.ActiveCfg = Release|x64
		{80F4E33A-EAB6-43A2-AC47-67C451C43A55}.Release|x64.Build.0 = Release|x64
		{80F4E33A-EAB6-43A2-AC47-67C451C43A55}.Release|x86.ActiveCfg = Release|Win32
		{80F4E33A-EAB6-43A2-AC47-67C451C43A55}.Release|x86.Build.0 = Release|Win32
		{679C110B-257C-4056-AA5F-5B1764DC8A56}.Debug|Any CPU.ActiveCfg = Debug|Any CPU
		{679C110B-257C-4056-AA5F-5B1764DC8A56}.Debug|x64.ActiveCfg = Debug|Any CPU
		{679C110B-257C-4056-AA5F-5B1764DC8A56}.Debug|x86.ActiveCfg = Debug|Any CPU
		{679C110B-257C-4056-AA5F-5B1764DC8A56}.Release|Any CPU.ActiveCfg = Release|Any CPU
		{679C110B-257C-4056-AA5F-5B1764DC8A56}.Release|x64.ActiveCfg = Release|Any CPU
		{679C110B-257C-4056-AA5F-5B1764DC8A56}.Release|x86.ActiveCfg = Release|Any CPU
	EndGlobalSection
	GlobalSection(SolutionProperties) = preSolution
		HideSolutionNode = FALSE
	EndGlobalSection
	GlobalSection(ExtensibilityGlobals) = postSolution
		SolutionGuid = {4A1A753B-A19F-4E3A-85B1-312E12C096EC}
	EndGlobalSection
EndGlobal
